// !$*UTF8*$!
{
	archiveVersion = 1;
	classes = {
	};
	objectVersion = 50;
	objects = {

/* Begin PBXBuildFile section */
		6BEA75EF238940F30023DA2C /* AppDelegate.swift in Sources */ = {isa = PBXBuildFile; fileRef = 6BEA75EE238940F30023DA2C /* AppDelegate.swift */; };
		6BEA75F1238940F30023DA2C /* SceneDelegate.swift in Sources */ = {isa = PBXBuildFile; fileRef = 6BEA75F0238940F30023DA2C /* SceneDelegate.swift */; };
		6BEA75F3238940F30023DA2C /* ContentView.swift in Sources */ = {isa = PBXBuildFile; fileRef = 6BEA75F2238940F30023DA2C /* ContentView.swift */; };
		6BEA75F5238940F80023DA2C /* Assets.xcassets in Resources */ = {isa = PBXBuildFile; fileRef = 6BEA75F4238940F80023DA2C /* Assets.xcassets */; };
		6BEA75F8238940F80023DA2C /* Preview Assets.xcassets in Resources */ = {isa = PBXBuildFile; fileRef = 6BEA75F7238940F80023DA2C /* Preview Assets.xcassets */; };
		6BEA75FB238940F80023DA2C /* LaunchScreen.storyboard in Resources */ = {isa = PBXBuildFile; fileRef = 6BEA75F9238940F80023DA2C /* LaunchScreen.storyboard */; };
/* End PBXBuildFile section */

/* Begin PBXFileReference section */
		6BEA75EB238940F30023DA2C /* ScrollViewSynchronize.app */ = {isa = PBXFileReference; explicitFileType = wrapper.application; includeInIndex = 0; path = ScrollViewSynchronize.app; sourceTree = BUILT_PRODUCTS_DIR; };
		6BEA75EE238940F30023DA2C /* AppDelegate.swift */ = {isa = PBXFileReference; lastKnownFileType = sourcecode.swift; path = AppDelegate.swift; sourceTree = "<group>"; };
		6BEA75F0238940F30023DA2C /* SceneDelegate.swift */ = {isa = PBXFileReference; lastKnownFileType = sourcecode.swift; path = SceneDelegate.swift; sourceTree = "<group>"; };
		6BEA75F2238940F30023DA2C /* ContentView.swift */ = {isa = PBXFileReference; lastKnownFileType = sourcecode.swift; path = ContentView.swift; sourceTree = "<group>"; };
		6BEA75F4238940F80023DA2C /* Assets.xcassets */ = {isa = PBXFileReference; lastKnownFileType = folder.assetcatalog; path = Assets.xcassets; sourceTree = "<group>"; };
		6BEA75F7238940F80023DA2C /* Preview Assets.xcassets */ = {isa = PBXFileReference; lastKnownFileType = folder.assetcatalog; path = "Preview Assets.xcassets"; sourceTree = "<group>"; };
		6BEA75FA238940F80023DA2C /* Base */ = {isa = PBXFileReference; lastKnownFileType = file.storyboard; name = Base; path = Base.lproj/LaunchScreen.storyboard; sourceTree = "<group>"; };
		6BEA75FC238940F80023DA2C /* Info.plist */ = {isa = PBXFileReference; lastKnownFileType = text.plist.xml; path = Info.plist; sourceTree = "<group>"; };
/* End PBXFileReference section */

/* Begin PBXFrameworksBuildPhase section */
		6BEA75E8238940F30023DA2C /* Frameworks */ = {
			isa = PBXFrameworksBuildPhase;
			buildActionMask = 2147483647;
			files = (
			);
			runOnlyForDeploymentPostprocessing = 0;
		};
/* End PBXFrameworksBuildPhase section */

/* Begin PBXGroup section */
		6BEA75E2238940F30023DA2C = {
			isa = PBXGroup;
			children = (
				6BEA75ED238940F30023DA2C /* ScrollViewSynchronize */,
				6BEA75EC238940F30023DA2C /* Products */,
			);
			sourceTree = "<group>";
		};
		6BEA75EC238940F30023DA2C /* Products */ = {
			isa = PBXGroup;
			children = (
				6BEA75EB238940F30023DA2C /* ScrollViewSynchronize.app */,
			);
			name = Products;
			sourceTree = "<group>";
		};
		6BEA75ED238940F30023DA2C /* ScrollViewSynchronize */ = {
			isa = PBXGroup;
			children = (
				6BEA75EE238940F30023DA2C /* AppDelegate.swift */,
				6BEA75F0238940F30023DA2C /* SceneDelegate.swift */,
				6BEA75F2238940F30023DA2C /* ContentView.swift */,
				6BEA75F4238940F80023DA2C /* Assets.xcassets */,
				6BEA75F9238940F80023DA2C /* LaunchScreen.storyboard */,
				6BEA75FC238940F80023DA2C /* Info.plist */,
				6BEA75F6238940F80023DA2C /* Preview Content */,
			);
			path = ScrollViewSynchronize;
			sourceTree = "<group>";
		};
		6BEA75F6238940F80023DA2C /* Preview Content */ = {
			isa = PBXGroup;
			children = (
				6BEA75F7238940F80023DA2C /* Preview Assets.xcassets */,
			);
			path = "Preview Content";
			sourceTree = "<group>";
		};
/* End PBXGroup section */

/* Begin PBXNativeTarget section */
		6BEA75EA238940F30023DA2C /* ScrollViewSynchronize */ = {
			isa = PBXNativeTarget;
			buildConfigurationList = 6BEA75FF238940F80023DA2C /* Build configuration list for PBXNativeTarget "ScrollViewSynchronize" */;
			buildPhases = (
				6BEA75E7238940F30023DA2C /* Sources */,
				6BEA75E8238940F30023DA2C /* Frameworks */,
				6BEA75E9238940F30023DA2C /* Resources */,
			);
			buildRules = (
			);
			dependencies = (
			);
			name = ScrollViewSynchronize;
			productName = ScrollViewSynchronize;
			productReference = 6BEA75EB238940F30023DA2C /* ScrollViewSynchronize.app */;
			productType = "com.apple.product-type.application";
		};
/* End PBXNativeTarget section */

/* Begin PBXProject section */
		6BEA75E3238940F30023DA2C /* Project object */ = {
			isa = PBXProject;
			attributes = {
				LastSwiftUpdateCheck = 1120;
				LastUpgradeCheck = 1120;
				ORGANIZATIONNAME = chocoyama;
				TargetAttributes = {
					6BEA75EA238940F30023DA2C = {
						CreatedOnToolsVersion = 11.2.1;
					};
				};
			};
			buildConfigurationList = 6BEA75E6238940F30023DA2C /* Build configuration list for PBXProject "ScrollViewSynchronize" */;
			compatibilityVersion = "Xcode 9.3";
			developmentRegion = en;
			hasScannedForEncodings = 0;
			knownRegions = (
				en,
				Base,
			);
			mainGroup = 6BEA75E2238940F30023DA2C;
			productRefGroup = 6BEA75EC238940F30023DA2C /* Products */;
			projectDirPath = "";
			projectRoot = "";
			targets = (
				6BEA75EA238940F30023DA2C /* ScrollViewSynchronize */,
			);
		};
/* End PBXProject section */

/* Begin PBXResourcesBuildPhase section */
		6BEA75E9238940F30023DA2C /* Resources */ = {
			isa = PBXResourcesBuildPhase;
			buildActionMask = 2147483647;
			files = (
				6BEA75FB238940F80023DA2C /* LaunchScreen.storyboard in Resources */,
				6BEA75F8238940F80023DA2C /* Preview Assets.xcassets in Resources */,
				6BEA75F5238940F80023DA2C /* Assets.xcassets in Resources */,
			);
			runOnlyForDeploymentPostprocessing = 0;
		};
/* End PBXResourcesBuildPhase section */

/* Begin PBXSourcesBuildPhase section */
		6BEA75E7238940F30023DA2C /* Sources */ = {
			isa = PBXSourcesBuildPhase;
			buildActionMask = 2147483647;
			files = (
				6BEA75EF238940F30023DA2C /* AppDelegate.swift in Sources */,
				6BEA75F1238940F30023DA2C /* SceneDelegate.swift in Sources */,
				6BEA75F3238940F30023DA2C /* ContentView.swift in Sources */,
			);
			runOnlyForDeploymentPostprocessing = 0;
		};
/* End PBXSourcesBuildPhase section */

/* Begin PBXVariantGroup section */
		6BEA75F9238940F80023DA2C /* LaunchScreen.storyboard */ = {
			isa = PBXVariantGroup;
			children = (
				6BEA75FA238940F80023DA2C /* Base */,
			);
			name = LaunchScreen.storyboard;
			sourceTree = "<group>";
		};
/* End PBXVariantGroup section */

/* Begin XCBuildConfiguration section */
		6BEA75FD238940F80023DA2C /* Debug */ = {
			isa = XCBuildConfiguration;
			buildSettings = {
				ALWAYS_SEARCH_USER_PATHS = NO;
				CLANG_ANALYZER_NONNULL = YES;
				CLANG_ANALYZER_NUMBER_OBJECT_CONVERSION = YES_AGGRESSIVE;
				CLANG_CXX_LANGUAGE_STANDARD = "gnu++14";
				CLANG_CXX_LIBRARY = "libc++";
				CLANG_ENABLE_MODULES = YES;
				CLANG_ENABLE_OBJC_ARC = YES;
				CLANG_ENABLE_OBJC_WEAK = YES;
				CLANG_WARN_BLOCK_CAPTURE_AUTORELEASING = YES;
				CLANG_WARN_BOOL_CONVERSION = YES;
				CLANG_WARN_COMMA = YES;
				CLANG_WARN_CONSTANT_CONVERSION = YES;
				CLANG_WARN_DEPRECATED_OBJC_IMPLEMENTATIONS = YES;
				CLANG_WARN_DIRECT_OBJC_ISA_USAGE = YES_ERROR;
				CLANG_WARN_DOCUMENTATION_COMMENTS = YES;
				CLANG_WARN_EMPTY_BODY = YES;
				CLANG_WARN_ENUM_CONVERSION = YES;
				CLANG_WARN_INFINITE_RECURSION = YES;
				CLANG_WARN_INT_CONVERSION = YES;
				CLANG_WARN_NON_LITERAL_NULL_CONVERSION = YES;
				CLANG_WARN_OBJC_IMPLICIT_RETAIN_SELF = YES;
				CLANG_WARN_OBJC_LITERAL_CONVERSION = YES;
				CLANG_WARN_OBJC_ROOT_CLASS = YES_ERROR;
				CLANG_WARN_RANGE_LOOP_ANALYSIS = YES;
				CLANG_WARN_STRICT_PROTOTYPES = YES;
				CLANG_WARN_SUSPICIOUS_MOVE = YES;
				CLANG_WARN_UNGUARDED_AVAILABILITY = YES_AGGRESSIVE;
				CLANG_WARN_UNREACHABLE_CODE = YES;
				CLANG_WARN__DUPLICATE_METHOD_MATCH = YES;
				COPY_PHASE_STRIP = NO;
				DEBUG_INFORMATION_FORMAT = dwarf;
				ENABLE_STRICT_OBJC_MSGSEND = YES;
				ENABLE_TESTABILITY = YES;
				GCC_C_LANGUAGE_STANDARD = gnu11;
				GCC_DYNAMIC_NO_PIC = NO;
				GCC_NO_COMMON_BLOCKS = YES;
				GCC_OPTIMIZATION_LEVEL = 0;
				GCC_PREPROCESSOR_DEFINITIONS = (
					"DEBUG=1",
					"$(inherited)",
				);
				GCC_WARN_64_TO_32_BIT_CONVERSION = YES;
				GCC_WARN_ABOUT_RETURN_TYPE = YES_ERROR;
				GCC_WARN_UNDECLARED_SELECTOR = YES;
				GCC_WARN_UNINITIALIZED_AUTOS = YES_AGGRESSIVE;
				GCC_WARN_UNUSED_FUNCTION = YES;
				GCC_WARN_UNUSED_VARIABLE = YES;
				IPHONEOS_DEPLOYMENT_TARGET = 13.2;
				MTL_ENABLE_DEBUG_INFO = INCLUDE_SOURCE;
				MTL_FAST_MATH = YES;
				ONLY_ACTIVE_ARCH = YES;
				SDKROOT = iphoneos;
				SWIFT_ACTIVE_COMPILATION_CONDITIONS = DEBUG;
				SWIFT_OPTIMIZATION_LEVEL = "-Onone";
			};
			name = Debug;
		};
		6BEA75FE238940F80023DA2C /* Release */ = {
			isa = XCBuildConfiguration;
			buildSettings = {
				ALWAYS_SEARCH_USER_PATHS = NO;
				CLANG_ANALYZER_NONNULL = YES;
				CLANG_ANALYZER_NUMBER_OBJECT_CONVERSION = YES_AGGRESSIVE;
				CLANG_CXX_LANGUAGE_STANDARD = "gnu++14";
				CLANG_CXX_LIBRARY = "libc++";
				CLANG_ENABLE_MODULES = YES;
				CLANG_ENABLE_OBJC_ARC = YES;
				CLANG_ENABLE_OBJC_WEAK = YES;
				CLANG_WARN_BLOCK_CAPTURE_AUTORELEASING = YES;
				CLANG_WARN_BOOL_CONVERSION = YES;
				CLANG_WARN_COMMA = YES;
				CLANG_WARN_CONSTANT_CONVERSION = YES;
				CLANG_WARN_DEPRECATED_OBJC_IMPLEMENTATIONS = YES;
				CLANG_WARN_DIRECT_OBJC_ISA_USAGE = YES_ERROR;
				CLANG_WARN_DOCUMENTATION_COMMENTS = YES;
				CLANG_WARN_EMPTY_BODY = YES;
				CLANG_WARN_ENUM_CONVERSION = YES;
				CLANG_WARN_INFINITE_RECURSION = YES;
				CLANG_WARN_INT_CONVERSION = YES;
				CLANG_WARN_NON_LITERAL_NULL_CONVERSION = YES;
				CLANG_WARN_OBJC_IMPLICIT_RETAIN_SELF = YES;
				CLANG_WARN_OBJC_LITERAL_CONVERSION = YES;
				CLANG_WARN_OBJC_ROOT_CLASS = YES_ERROR;
				CLANG_WARN_RANGE_LOOP_ANALYSIS = YES;
				CLANG_WARN_STRICT_PROTOTYPES = YES;
				CLANG_WARN_SUSPICIOUS_MOVE = YES;
				CLANG_WARN_UNGUARDED_AVAILABILITY = YES_AGGRESSIVE;
				CLANG_WARN_UNREACHABLE_CODE = YES;
				CLANG_WARN__DUPLICATE_METHOD_MATCH = YES;
				COPY_PHASE_STRIP = NO;
				DEBUG_INFORMATION_FORMAT = "dwarf-with-dsym";
				ENABLE_NS_ASSERTIONS = NO;
				ENABLE_STRICT_OBJC_MSGSEND = YES;
				GCC_C_LANGUAGE_STANDARD = gnu11;
				GCC_NO_COMMON_BLOCKS = YES;
				GCC_WARN_64_TO_32_BIT_CONVERSION = YES;
				GCC_WARN_ABOUT_RETURN_TYPE = YES_ERROR;
				GCC_WARN_UNDECLARED_SELECTOR = YES;
				GCC_WARN_UNINITIALIZED_AUTOS = YES_AGGRESSIVE;
				GCC_WARN_UNUSED_FUNCTION = YES;
				GCC_WARN_UNUSED_VARIABLE = YES;
				IPHONEOS_DEPLOYMENT_TARGET = 13.2;
				MTL_ENABLE_DEBUG_INFO = NO;
				MTL_FAST_MATH = YES;
				SDKROOT = iphoneos;
				SWIFT_COMPILATION_MODE = wholemodule;
				SWIFT_OPTIMIZATION_LEVEL = "-O";
				VALIDATE_PRODUCT = YES;
			};
			name = Release;
		};
		6BEA7600238940F80023DA2C /* Debug */ = {
			isa = XCBuildConfiguration;
			buildSettings = {
				ASSETCATALOG_COMPILER_APPICON_NAME = AppIcon;
				CODE_SIGN_STYLE = Automatic;
				DEVELOPMENT_ASSET_PATHS = "\"ScrollViewSynchronize/Preview Content\"";
				DEVELOPMENT_TEAM = 29C6ELZ3SW;
				ENABLE_PREVIEWS = YES;
				INFOPLIST_FILE = ScrollViewSynchronize/Info.plist;
				LD_RUNPATH_SEARCH_PATHS = (
					"$(inherited)",
					"@executable_path/Frameworks",
				);
				PRODUCT_BUNDLE_IDENTIFIER = jp.co.chocoyama.ScrollViewSynchronize;
				PRODUCT_NAME = "$(TARGET_NAME)";
				SWIFT_VERSION = 5.0;
				TARGETED_DEVICE_FAMILY = "1,2";
			};
			name = Debug;
		};
		6BEA7601238940F80023DA2C /* Release */ = {
			isa = XCBuildConfiguration;
			buildSettings = {
				ASSETCATALOG_COMPILER_APPICON_NAME = AppIcon;
				CODE_SIGN_STYLE = Automatic;
				DEVELOPMENT_ASSET_PATHS = "\"ScrollViewSynchronize/Preview Content\"";
				DEVELOPMENT_TEAM = 29C6ELZ3SW;
				ENABLE_PREVIEWS = YES;
				INFOPLIST_FILE = ScrollViewSynchronize/Info.plist;
				LD_RUNPATH_SEARCH_PATHS = (
					"$(inherited)",
					"@executable_path/Frameworks",
				);
				PRODUCT_BUNDLE_IDENTIFIER = jp.co.chocoyama.ScrollViewSynchronize;
				PRODUCT_NAME = "$(TARGET_NAME)";
				SWIFT_VERSION = 5.0;
				TARGETED_DEVICE_FAMILY = "1,2";
			};
			name = Release;
		};
/* End XCBuildConfiguration section */

/* Begin XCConfigurationList section */
		6BEA75E6238940F30023DA2C /* Build configuration list for PBXProject "ScrollViewSynchronize" */ = {
			isa = XCConfigurationList;
			buildConfigurations = (
				6BEA75FD238940F80023DA2C /* Debug */,
				6BEA75FE238940F80023DA2C /* Release */,
			);
			defaultConfigurationIsVisible = 0;
			defaultConfigurationName = Release;
		};
		6BEA75FF238940F80023DA2C /* Build configuration list for PBXNativeTarget "ScrollViewSynchronize" */ = {
			isa = XCConfigurationList;
			buildConfigurations = (
				6BEA7600238940F80023DA2C /* Debug */,
				6BEA7601238940F80023DA2C /* Release */,
			);
			defaultConfigurationIsVisible = 0;
			defaultConfigurationName = Release;
		};
/* End XCConfigurationList section */
	};
	rootObject = 6BEA75E3238940F30023DA2C /* Project object */;
}
